{
  "name": "private-data-analyst",
  "lockfileVersion": 3,
  "requires": true,
  "packages": {
    "": {
      "dependencies": {
        "plotly.js-dist": "^3.5.0"
      }
    },
    "node_modules/plotly.js-dist": {
      "version": "3.5.0",
      "resolved": "https://registry.npmjs.org/plotly.js-dist/-/plotly.js-dist-3.5.0.tgz",
      "integrity": "sha512-syvVpwKdofB5VTQ+faAVt7GOnrG/xPUMnBZyGWwjaDxYVbonsUZbmqKrvfnF21497SlTuBi45xYxVXkc88WjAA==",
      "license": "MIT"
    }
  }
}
